
Microsoft Visual Studio Solution File, Format Version 12.00
# Visual Studio Version 17
VisualStudioVersion = 17.7.34031.279
MinimumVisualStudioVersion = 10.0.40219.1
Project("{9A19103F-16F7-4668-BE54-9A1E7A4F7556}") = "BlazorApp", "BlazorApp\BlazorApp.csproj", "{5816BEC3-7575-4484-A982-5437B1D9946F}"
EndProject
Global
	GlobalSection(SolutionConfigurationPlatforms) = preSolution
		Debug|Any CPU = Debug|Any CPU
		Release|Any CPU = Release|Any CPU
	EndGlobalSection
	GlobalSection(ProjectConfigurationPlatforms) = postSolution
		{5816BEC3-7575-4484-A982-5437B1D9946F}.Debug|Any CPU.ActiveCfg = Debug|Any CPU
		{5816BEC3-7575-4484-A982-5437B1D9946F}.Debug|Any CPU.Build.0 = Debug|Any CPU
		{5816BEC3-7575-4484-A982-5437B1D9946F}.Release|Any CPU.ActiveCfg = Release|Any CPU
		{5816BEC3-7575-4484-A982-5437B1D9946F}.Release|Any CPU.Build.0 = Release|Any CPU
	EndGlobalSection
	GlobalSection(SolutionProperties) = preSolution
		HideSolutionNode = FALSE
	EndGlobalSection
	GlobalSection(ExtensibilityGlobals) = postSolution
		SolutionGuid = {3295DE00-3654-4540-8AC5-9D56C9FB0979}
	EndGlobalSection
EndGlobal
